
Microsoft Visual Studio Solution File, Format Version 12.00
# Visual Studio 15
VisualStudioVersion = 15.0.26430.14
MinimumVisualStudioVersion = 10.0.40219.1
Project("{2150E333-8FDC-42A3-9474-1A3956D46DE8}") = "Solution Items", "Solution Items", "{B4DED7AC-19A6-4ED9-97C0-EFE13299B049}"
	ProjectSection(SolutionItems) = preProject
		.editorconfig = .editorconfig
	EndProjectSection
EndProject
Project("{FAE04EC0-301F-11D3-BF4B-00C04F79EFBC}") = "Skybrud.Csv", "Skybrud.Csv\Skybrud.Csv.csproj", "{CA5EF208-90B0-44F0-A199-21CEB8C823BE}"
EndProject
Project("{FAE04EC0-301F-11D3-BF4B-00C04F79EFBC}") = "UnitTestProject1", "UnitTestProject1\UnitTestProject1.csproj", "{C157F96B-85B5-4F24-B3E3-73490412A38A}"
EndProject
Global
	GlobalSection(SolutionConfigurationPlatforms) = preSolution
		Debug|Any CPU = Debug|Any CPU
		Release|Any CPU = Release|Any CPU
	EndGlobalSection
	GlobalSection(ProjectConfigurationPlatforms) = postSolution
		{CA5EF208-90B0-44F0-A199-21CEB8C823BE}.Debug|Any CPU.ActiveCfg = Debug|Any CPU
		{CA5EF208-90B0-44F0-A199-21CEB8C823BE}.Debug|Any CPU.Build.0 = Debug|Any CPU
		{CA5EF208-90B0-44F0-A199-21CEB8C823BE}.Release|Any CPU.ActiveCfg = Release|Any CPU
		{CA5EF208-90B0-44F0-A199-21CEB8C823BE}.Release|Any CPU.Build.0 = Release|Any CPU
		{C157F96B-85B5-4F24-B3E3-73490412A38A}.Debug|Any CPU.ActiveCfg = Debug|Any CPU
		{C157F96B-85B5-4F24-B3E3-73490412A38A}.Debug|Any CPU.Build.0 = Debug|Any CPU
		{C157F96B-85B5-4F24-B3E3-73490412A38A}.Release|Any CPU.ActiveCfg = Release|Any CPU
		{C157F96B-85B5-4F24-B3E3-73490412A38A}.Release|Any CPU.Build.0 = Release|Any CPU
	EndGlobalSection
	GlobalSection(SolutionProperties) = preSolution
		HideSolutionNode = FALSE
	EndGlobalSection
EndGlobal
